
Microsoft Visual Studio Solution File, Format Version 12.00
# Visual Studio Version 16
VisualStudioVersion = 16.0.30907.101
MinimumVisualStudioVersion = 10.0.40219.1
Project("{9A19103F-16F7-4668-BE54-9A1E7A4F7556}") = "DeLLaGUI", "DeLLaGUI.csproj", "{457CFE44-2FBD-4D2E-98F1-84CFC4FB1AD6}"
EndProject
Project("{9A19103F-16F7-4668-BE54-9A1E7A4F7556}") = "Lunar", "..\Lunar\Lunar\Lunar.csproj", "{D4A6A0C7-58D7-4E86-950B-3AA91271B587}"
EndProject
Global
	GlobalSection(SolutionConfigurationPlatforms) = preSolution
		Debug|Any CPU = Debug|Any CPU
		Release|Any CPU = Release|Any CPU
	EndGlobalSection
	GlobalSection(ProjectConfigurationPlatforms) = postSolution
		{457CFE44-2FBD-4D2E-98F1-84CFC4FB1AD6}.Debug|Any CPU.ActiveCfg = Debug|Any CPU
		{457CFE44-2FBD-4D2E-98F1-84CFC4FB1AD6}.Debug|Any CPU.Build.0 = Debug|Any CPU
		{457CFE44-2FBD-4D2E-98F1-84CFC4FB1AD6}.Release|Any CPU.ActiveCfg = Release|Any CPU
		{457CFE44-2FBD-4D2E-98F1-84CFC4FB1AD6}.Release|Any CPU.Build.0 = Release|Any CPU
		{D4A6A0C7-58D7-4E86-950B-3AA91271B587}.Debug|Any CPU.ActiveCfg = Debug|Any CPU
		{D4A6A0C7-58D7-4E86-950B-3AA91271B587}.Debug|Any CPU.Build.0 = Debug|Any CPU
		{D4A6A0C7-58D7-4E86-950B-3AA91271B587}.Release|Any CPU.ActiveCfg = Release|Any CPU
		{D4A6A0C7-58D7-4E86-950B-3AA91271B587}.Release|Any CPU.Build.0 = Release|Any CPU
	EndGlobalSection
	GlobalSection(SolutionProperties) = preSolution
		HideSolutionNode = FALSE
	EndGlobalSection
	GlobalSection(ExtensibilityGlobals) = postSolution
		SolutionGuid = {03FD259D-F008-4F8F-94DE-554C624A231F}
	EndGlobalSection
EndGlobal
